{
  "version": 4,
  "terraform_version": "1.4.2",
  "serial": 40,
  "lineage": "b106e9ee-7242-5a04-bce9-5323445fbaf1",
  "outputs": {},
  "resources": [
    {
      "mode": "managed",
      "type": "ncloud_access_control_group",
      "name": "tf_mz_web_acg_01",
      "provider": "provider[\"registry.terraform.io/navercloudplatform/ncloud\"]",
      "instances": [
        {
          "schema_version": 0,
          "attributes": {
            "access_control_group_no": "243922",
            "description": "test",
            "id": "243922",
            "is_default": false,
            "name": "tf-mz-web-acg-01",
            "vpc_no": "94647"
          },
          "sensitive_attributes": [],
          "private": "bnVsbA==",
          "dependencies": [
            "ncloud_vpc.vpc_mz"
          ]
        }
      ]
    },
    {
      "mode": "managed",
      "type": "ncloud_access_control_group_rule",
      "name": "tf_mz_web_acg_01",
      "provider": "provider[\"registry.terraform.io/navercloudplatform/ncloud\"]",
      "instances": [
        {
          "schema_version": 0,
          "attributes": {
            "access_control_group_no": "243922",
            "id": "243922",
            "inbound": [
              {
                "description": "accept all port",
                "ip_block": "210.92.14.0/24",
                "port_range": "1-65535",
                "protocol": "TCP",
                "source_access_control_group_no": ""
              }
            ],
            "outbound": [
              {
                "description": "accept 1-65535 port",
                "ip_block": "0.0.0.0/0",
                "port_range": "1-65535",
                "protocol": "TCP",
                "source_access_control_group_no": ""
              },
              {
                "description": "accept 1-65535 port",
                "ip_block": "0.0.0.0/0",
                "port_range": "1-65535",
                "protocol": "UDP",
                "source_access_control_group_no": ""
              },
              {
                "description": "all",
                "ip_block": "0.0.0.0/0",
                "port_range": "",
                "protocol": "ICMP",
                "source_access_control_group_no": ""
              }
            ],
            "timeouts": null
          },
          "sensitive_attributes": [],
          "private": "eyJlMmJmYjczMC1lY2FhLTExZTYtOGY4OC0zNDM2M2JjN2M0YzAiOnsiY3JlYXRlIjozNjAwMDAwMDAwMDAwLCJkZWxldGUiOjMwMDAwMDAwMDAwMCwidXBkYXRlIjo2MDAwMDAwMDAwMDB9fQ==",
          "dependencies": [
            "ncloud_access_control_group.tf_mz_web_acg_01",
            "ncloud_vpc.vpc_mz"
          ]
        }
      ]
    },
    {
      "mode": "managed",
      "type": "ncloud_login_key",
      "name": "tf-mz-key",
      "provider": "provider[\"registry.terraform.io/navercloudplatform/ncloud\"]",
      "instances": [
        {
          "schema_version": 0,
          "attributes": {
            "fingerprint": "",
            "id": "tf-mz-loginkey",
            "key_name": "tf-mz-loginkey",
            "private_key": "-----BEGIN RSA PRIVATE KEY-----\nMIIEowIBAAKCAQEAu3Bo+SOA2KveqvI0vy2uk171SedJ+eIWn4ZHHf7z+Z3sTBFE\nNJ7b4miNe63qSpomlueOGHNrK8OScaJ7gaQIdHm0pkSTuYiGP12mnFEJzybSSRrS\nIwABv7uTty7gb8FSIp6PedO+GkmilsinbmgOQZ9yUswbATUxynOHiS2tFvEsXavH\nWZjBbRU4zJBLencjNivVdJhbtG3fuiq1BmKjb6xBB69qk+gIBVAHxwUS0vls/jWD\nUGsf/srruwZbndwI6S75zCvyWoiw+6MGwpjMOAqOXYJjuZEw2D39s67PrUgJENbJ\ngjA2v0WNCB3pAyMuW7B+XRM1IAy0EYDZFfUssQIDAQABAoIBABYzXpZBCJjL5T1q\nyf6ULZI89Avt03WVEXLm7PN2PXV6VADqe/aePj2sfogrSuMigPbstDLchia9LPzn\n7tL7F8PxSl6geWgcmIdW004TzHf3CX8pKGyG1VjdTHCs97Ok5SfpOeXcbi7KO/IP\nZW1j8RRVYK1tNAxKPacp/zVV7fjCd2vStzKIrF0AlI2I/kkAjEFnA6RpRmGyzBh1\n3hfL5fgxIWSoxCQxPTMg37QTQf2/kXwK0P3jrBWMTGUNwFqlRWoqRtOXWP/UcsJz\nKyoH3RGcVtQdBEBKt727vmR06pxz3KzEvYqFph5j99jGiCOFGSCHWnAyINAe7Rhq\nz+iocaUCgYEA1EyzSYy2c56DrFZyUInfN/ovPYT1YlZEKfo+73iMaLezy3LdJ3ml\nb/U/cMvqNq1nPE/PNTM7CRnzwH7lwOOOtNzLRUigr/rMkWpQxi3w8V7ccSqmqbo1\nDFrsTBVkZIlFenpECGK1sctwnQW0GV+koZejGl8AxWyG80G/vhlksWMCgYEA4gWq\nQ0DEqJP0UNdVn3+AE7aQSVTMn5Y2LuA7PBVcrHOwKMoUEwfKN0QX7YWAFWvjMRnQ\n2cVlUdUeV1QFmj3vy7IUPDJuEx58cSFHxwWLZqq9/YXtsEIffdxfcTaUw4DX68HZ\n3Aw774JB8FkBd0XsQ2Mb4XwAyrecDSX9DUjS79sCgYAQeBLAdeYBeh6E0//yN3/V\ne9cGUrYmdsK67urK8PMTfIy6D6MQWON4l/Hf8jGtJC6KAzbzzZGa1ySNnkp8eCqt\n5SLvsP6mKDKOZUz20sGKN+2p6cEcEZHj73m9PTuYgP2ezrVQYTfvHvUReUvLXBwN\nXRIODailqBGf9U3GlXm2OQKBgBz3WuW5lDqCk6oUnr2NKo3cNMuhGYROTO1fAVhm\n6HSVcvsXQtFZiznf+S0QkeSs6fXt+A0gtiZxqKzKcNlenK+/R8abM+4xVwNsn3VL\nKZ1jvmuSUW7oWn7X0keBFjmj9ogZVOFVlAzS5b52ubBefrP4LKeOK8/PDinFN5QP\nRDFHAoGBAMwH/ZgivS+LeVCrRk89ITUHk15vLq4pw+Dz2kfDNlGxWVyOXUy7H0dN\nNkA+amh9qY4GGJIAxcVmNsIZf/BmZ/mATkyORCQUGnn4vcxZe6GBnrpJZ1Q+HT/t\nn0hQg1JQyygIecv5Bb2ECAwQFNVnEPK+mq0XtRIS/32UvOFZoy82\n-----END RSA PRIVATE KEY-----"
          },
          "sensitive_attributes": []
        }
      ]
    },
    {
      "mode": "managed",
      "type": "ncloud_public_ip",
      "name": "public_ip_01",
      "provider": "provider[\"registry.terraform.io/navercloudplatform/ncloud\"]",
      "instances": [
        {
          "schema_version": 0,
          "attributes": {
            "description": "for test",
            "id": "103316836",
            "instance_no": "103316836",
            "internet_line_type": null,
            "kind_type": null,
            "public_ip": "211.188.61.127",
            "public_ip_no": "103316836",
            "server_instance_no": "103316765",
            "zone": null
          },
          "sensitive_attributes": [],
          "private": "bnVsbA==",
          "dependencies": [
            "ncloud_login_key.tf-mz-key",
            "ncloud_server.tf_mz_web_svr_01",
            "ncloud_subnet.tf_mz_pub_sub_01",
            "ncloud_vpc.vpc_mz"
          ]
        }
      ]
    },
    {
      "mode": "managed",
      "type": "ncloud_subnet",
      "name": "tf_mz_pub_sub_01",
      "provider": "provider[\"registry.terraform.io/navercloudplatform/ncloud\"]",
      "instances": [
        {
          "schema_version": 0,
          "attributes": {
            "id": "206868",
            "name": "tf-mz-pub-sub-web-a-01",
            "network_acl_no": "134153",
            "subnet": "10.0.1.0/28",
            "subnet_no": "206868",
            "subnet_type": "PUBLIC",
            "usage_type": "GEN",
            "vpc_no": "94647",
            "zone": "KR-1"
          },
          "sensitive_attributes": [],
          "dependencies": [
            "ncloud_vpc.vpc_mz"
          ]
        }
      ]
    },
    {
      "mode": "managed",
      "type": "ncloud_subnet",
      "name": "tf_mz_pub_sub_02",
      "provider": "provider[\"registry.terraform.io/navercloudplatform/ncloud\"]",
      "instances": [
        {
          "schema_version": 0,
          "attributes": {
            "id": "206869",
            "name": "tf-mz-pub-sub-web-c-01",
            "network_acl_no": "134153",
            "subnet": "10.0.1.16/28",
            "subnet_no": "206869",
            "subnet_type": "PUBLIC",
            "usage_type": "GEN",
            "vpc_no": "94647",
            "zone": "KR-2"
          },
          "sensitive_attributes": [],
          "dependencies": [
            "ncloud_vpc.vpc_mz"
          ]
        }
      ]
    },
    {
      "mode": "managed",
      "type": "ncloud_vpc",
      "name": "vpc_mz",
      "provider": "provider[\"registry.terraform.io/navercloudplatform/ncloud\"]",
      "instances": [
        {
          "schema_version": 0,
          "attributes": {
            "default_access_control_group_no": "243921",
            "default_network_acl_no": "134153",
            "default_private_route_table_no": "193039",
            "default_public_route_table_no": "193038",
            "id": "94647",
            "ipv4_cidr_block": "10.0.1.0/24",
            "name": "tf-mz-vpc-1",
            "vpc_no": "94647"
          },
          "sensitive_attributes": []
        }
      ]
    }
  ],
  "check_results": null
}
